
Microsoft Visual Studio Solution File, Format Version 12.00
# Visual Studio Version 16
VisualStudioVersion = 16.0.31026.214
MinimumVisualStudioVersion = 10.0.40219.1
Project("{9A19103F-16F7-4668-BE54-9A1E7A4F7556}") = "ServiceProviders.ActiveMQ", "ServiceProviders.ActiveMQ.csproj", "{383089B3-0B15-4D60-AE83-F0A8AC5675FC}"
EndProject
Global
	GlobalSection(SolutionConfigurationPlatforms) = preSolution
		Debug|Any CPU = Debug|Any CPU
		Release|Any CPU = Release|Any CPU
	EndGlobalSection
	GlobalSection(ProjectConfigurationPlatforms) = postSolution
		{383089B3-0B15-4D60-AE83-F0A8AC5675FC}.Debug|Any CPU.ActiveCfg = Debug|Any CPU
		{383089B3-0B15-4D60-AE83-F0A8AC5675FC}.Debug|Any CPU.Build.0 = Debug|Any CPU
		{383089B3-0B15-4D60-AE83-F0A8AC5675FC}.Release|Any CPU.ActiveCfg = Release|Any CPU
		{383089B3-0B15-4D60-AE83-F0A8AC5675FC}.Release|Any CPU.Build.0 = Release|Any CPU
	EndGlobalSection
	GlobalSection(SolutionProperties) = preSolution
		HideSolutionNode = FALSE
	EndGlobalSection
	GlobalSection(ExtensibilityGlobals) = postSolution
		SolutionGuid = {B27A8F50-9884-45B4-AD09-F62589E0FF5B}
	EndGlobalSection
EndGlobal
