
Microsoft Visual Studio Solution File, Format Version 12.00
# Visual Studio Version 16
VisualStudioVersion = 16.0.31129.286
MinimumVisualStudioVersion = 10.0.40219.1
Project("{9A19103F-16F7-4668-BE54-9A1E7A4F7556}") = "Microsoft.Azure.Workflows.ServiceProvider.Extensions.AzureBlob", "Microsoft.Azure.Workflows.ServiceProvider.Extensions.AzureBlob.csproj", "{A404B7E5-19CF-4097-966F-09ED20E740F1}"
EndProject
Global
	GlobalSection(SolutionConfigurationPlatforms) = preSolution
		Debug|Any CPU = Debug|Any CPU
		Release|Any CPU = Release|Any CPU
	EndGlobalSection
	GlobalSection(ProjectConfigurationPlatforms) = postSolution
		{A404B7E5-19CF-4097-966F-09ED20E740F1}.Debug|Any CPU.ActiveCfg = Debug|Any CPU
		{A404B7E5-19CF-4097-966F-09ED20E740F1}.Debug|Any CPU.Build.0 = Debug|Any CPU
		{A404B7E5-19CF-4097-966F-09ED20E740F1}.Release|Any CPU.ActiveCfg = Release|Any CPU
		{A404B7E5-19CF-4097-966F-09ED20E740F1}.Release|Any CPU.Build.0 = Release|Any CPU
	EndGlobalSection
	GlobalSection(SolutionProperties) = preSolution
		HideSolutionNode = FALSE
	EndGlobalSection
	GlobalSection(ExtensibilityGlobals) = postSolution
		SolutionGuid = {E7B69C0C-D159-4756-8D0D-B2DB8C7367BF}
	EndGlobalSection
EndGlobal
